
Microsoft Visual Studio Solution File, Format Version 12.00
# Visual Studio 15
VisualStudioVersion = 15.0.27703.2018
MinimumVisualStudioVersion = 10.0.40219.1
Project("{FAE04EC0-301F-11D3-BF4B-00C04F79EFBC}") = "NP.Tests.DragAndResizeTest", "NP.Tests.DragAndResizeTest.csproj", "{7F7D7344-86B0-4D7E-9E04-549B67E2416E}"
EndProject
Global
	GlobalSection(SolutionConfigurationPlatforms) = preSolution
		Debug|Any CPU = Debug|Any CPU
		Release|Any CPU = Release|Any CPU
	EndGlobalSection
	GlobalSection(ProjectConfigurationPlatforms) = postSolution
		{7F7D7344-86B0-4D7E-9E04-549B67E2416E}.Debug|Any CPU.ActiveCfg = Debug|Any CPU
		{7F7D7344-86B0-4D7E-9E04-549B67E2416E}.Debug|Any CPU.Build.0 = Debug|Any CPU
		{7F7D7344-86B0-4D7E-9E04-549B67E2416E}.Release|Any CPU.ActiveCfg = Release|Any CPU
		{7F7D7344-86B0-4D7E-9E04-549B67E2416E}.Release|Any CPU.Build.0 = Release|Any CPU
	EndGlobalSection
	GlobalSection(SolutionProperties) = preSolution
		HideSolutionNode = FALSE
	EndGlobalSection
	GlobalSection(ExtensibilityGlobals) = postSolution
		SolutionGuid = {0C119B44-B707-45AB-BA81-88B055E9C6AE}
	EndGlobalSection
EndGlobal
