
Microsoft Visual Studio Solution File, Format Version 12.00
# Visual Studio 15
VisualStudioVersion = 15.0.27703.2018
MinimumVisualStudioVersion = 10.0.40219.1
Project("{FAE04EC0-301F-11D3-BF4B-00C04F79EFBC}") = "NP.Tests.DragDropFromListToPanelTest", "NP.Tests.DragDropFromListToPanelTest.csproj", "{248D73BE-B5CF-4793-B4B7-B493D9D04BD6}"
EndProject
Global
	GlobalSection(SolutionConfigurationPlatforms) = preSolution
		Debug|Any CPU = Debug|Any CPU
		Release|Any CPU = Release|Any CPU
	EndGlobalSection
	GlobalSection(ProjectConfigurationPlatforms) = postSolution
		{248D73BE-B5CF-4793-B4B7-B493D9D04BD6}.Debug|Any CPU.ActiveCfg = Debug|Any CPU
		{248D73BE-B5CF-4793-B4B7-B493D9D04BD6}.Debug|Any CPU.Build.0 = Debug|Any CPU
		{248D73BE-B5CF-4793-B4B7-B493D9D04BD6}.Release|Any CPU.ActiveCfg = Release|Any CPU
		{248D73BE-B5CF-4793-B4B7-B493D9D04BD6}.Release|Any CPU.Build.0 = Release|Any CPU
	EndGlobalSection
	GlobalSection(SolutionProperties) = preSolution
		HideSolutionNode = FALSE
	EndGlobalSection
	GlobalSection(ExtensibilityGlobals) = postSolution
		SolutionGuid = {1D17D1CE-75CE-46A7-808E-9590950CFB3B}
	EndGlobalSection
EndGlobal
